
Microsoft Visual Studio Solution File, Format Version 12.00
# Visual Studio 15
VisualStudioVersion = 15.0.28010.2041
MinimumVisualStudioVersion = 10.0.40219.1
Project("{9092AA53-FB77-4645-B42D-1CCCA6BD08BD}") = "VueInvader", "VueInvader.njsproj", "{6E80DEE4-86D3-45FE-A19B-6AB6F0B428A1}"
EndProject
Project("{9092AA53-FB77-4645-B42D-1CCCA6BD08BD}") = "VueInvaderBackEnd", "..\VueInvaderBackEnd\VueInvaderBackEnd.njsproj", "{AE95063E-984E-45F3-9939-6D27762ABCB5}"
EndProject
Project("{9092AA53-FB77-4645-B42D-1CCCA6BD08BD}") = "VueInvaders", "..\temp\VueInvaders.njsproj", "{D2B6177B-6F3D-4E53-BCA5-440C728EBB6F}"
EndProject
Global
	GlobalSection(SolutionConfigurationPlatforms) = preSolution
		Debug|Any CPU = Debug|Any CPU
		Release|Any CPU = Release|Any CPU
	EndGlobalSection
	GlobalSection(ProjectConfigurationPlatforms) = postSolution
		{6E80DEE4-86D3-45FE-A19B-6AB6F0B428A1}.Debug|Any CPU.ActiveCfg = Debug|Any CPU
		{6E80DEE4-86D3-45FE-A19B-6AB6F0B428A1}.Debug|Any CPU.Build.0 = Debug|Any CPU
		{6E80DEE4-86D3-45FE-A19B-6AB6F0B428A1}.Release|Any CPU.ActiveCfg = Release|Any CPU
		{6E80DEE4-86D3-45FE-A19B-6AB6F0B428A1}.Release|Any CPU.Build.0 = Release|Any CPU
		{AE95063E-984E-45F3-9939-6D27762ABCB5}.Debug|Any CPU.ActiveCfg = Debug|Any CPU
		{AE95063E-984E-45F3-9939-6D27762ABCB5}.Debug|Any CPU.Build.0 = Debug|Any CPU
		{AE95063E-984E-45F3-9939-6D27762ABCB5}.Release|Any CPU.ActiveCfg = Release|Any CPU
		{AE95063E-984E-45F3-9939-6D27762ABCB5}.Release|Any CPU.Build.0 = Release|Any CPU
		{D2B6177B-6F3D-4E53-BCA5-440C728EBB6F}.Debug|Any CPU.ActiveCfg = Debug|Any CPU
		{D2B6177B-6F3D-4E53-BCA5-440C728EBB6F}.Debug|Any CPU.Build.0 = Debug|Any CPU
		{D2B6177B-6F3D-4E53-BCA5-440C728EBB6F}.Release|Any CPU.ActiveCfg = Release|Any CPU
		{D2B6177B-6F3D-4E53-BCA5-440C728EBB6F}.Release|Any CPU.Build.0 = Release|Any CPU
	EndGlobalSection
	GlobalSection(SolutionProperties) = preSolution
		HideSolutionNode = FALSE
	EndGlobalSection
	GlobalSection(ExtensibilityGlobals) = postSolution
		SolutionGuid = {EABBED0B-113C-41A7-B8A9-709D06E2F021}
	EndGlobalSection
EndGlobal
